
Microsoft Visual Studio Solution File, Format Version 12.00
# Visual Studio Version 17
VisualStudioVersion = 17.3.32901.215
MinimumVisualStudioVersion = 10.0.40219.1
Project("{9A19103F-16F7-4668-BE54-9A1E7A4F7556}") = "MuOnline.Database", "MuOnline.Data\MuOnline.Database.csproj", "{7380BA18-5729-462A-AD8B-E4925F4F568E}"
EndProject
Project("{9A19103F-16F7-4668-BE54-9A1E7A4F7556}") = "MuOnline.Database.Entities", "MuOnline.Database.Entities\MuOnline.Database.Entities.csproj", "{FAB66027-CF76-422D-A1B3-C35265B7AB18}"
EndProject
Project("{9A19103F-16F7-4668-BE54-9A1E7A4F7556}") = "MuOnline.Services", "MuOnline.Services\MuOnline.Services.csproj", "{79DC4049-192E-45C2-B9B3-378E76E07E8F}"
EndProject
Project("{9A19103F-16F7-4668-BE54-9A1E7A4F7556}") = "MuOnline.Infrastructure.Core", "MuOnline.Infrastructure.Core\MuOnline.Infrastructure.Core.csproj", "{9191046F-2432-4374-AB16-7E4D7FF5AAA7}"
EndProject
Project("{9A19103F-16F7-4668-BE54-9A1E7A4F7556}") = "MuOnline.Infrastructure.Email", "MuOnline.Infrastructure.Email\MuOnline.Infrastructure.Email.csproj", "{C9F84626-868E-4C1B-AC76-7A9A850FE298}"
EndProject
Project("{9A19103F-16F7-4668-BE54-9A1E7A4F7556}") = "MuOnline.Api", "MuOnline.Api\MuOnline.Api.csproj", "{167B7D04-581E-404D-945D-73C12166813A}"
EndProject
Project("{FAE04EC0-301F-11D3-BF4B-00C04F79EFBC}") = "MuOnline.Web.Admin", "MuOnline.Web.Admin\MuOnline.Web.Admin.csproj", "{60F4D1AB-B909-4FB2-B08A-BA5D3AC36A92}"
EndProject
Global
	GlobalSection(SolutionConfigurationPlatforms) = preSolution
		Debug|Any CPU = Debug|Any CPU
		Release|Any CPU = Release|Any CPU
	EndGlobalSection
	GlobalSection(ProjectConfigurationPlatforms) = postSolution
		{7380BA18-5729-462A-AD8B-E4925F4F568E}.Debug|Any CPU.ActiveCfg = Debug|Any CPU
		{7380BA18-5729-462A-AD8B-E4925F4F568E}.Debug|Any CPU.Build.0 = Debug|Any CPU
		{7380BA18-5729-462A-AD8B-E4925F4F568E}.Release|Any CPU.ActiveCfg = Release|Any CPU
		{7380BA18-5729-462A-AD8B-E4925F4F568E}.Release|Any CPU.Build.0 = Release|Any CPU
		{FAB66027-CF76-422D-A1B3-C35265B7AB18}.Debug|Any CPU.ActiveCfg = Debug|Any CPU
		{FAB66027-CF76-422D-A1B3-C35265B7AB18}.Debug|Any CPU.Build.0 = Debug|Any CPU
		{FAB66027-CF76-422D-A1B3-C35265B7AB18}.Release|Any CPU.ActiveCfg = Release|Any CPU
		{FAB66027-CF76-422D-A1B3-C35265B7AB18}.Release|Any CPU.Build.0 = Release|Any CPU
		{79DC4049-192E-45C2-B9B3-378E76E07E8F}.Debug|Any CPU.ActiveCfg = Debug|Any CPU
		{79DC4049-192E-45C2-B9B3-378E76E07E8F}.Debug|Any CPU.Build.0 = Debug|Any CPU
		{79DC4049-192E-45C2-B9B3-378E76E07E8F}.Release|Any CPU.ActiveCfg = Release|Any CPU
		{79DC4049-192E-45C2-B9B3-378E76E07E8F}.Release|Any CPU.Build.0 = Release|Any CPU
		{9191046F-2432-4374-AB16-7E4D7FF5AAA7}.Debug|Any CPU.ActiveCfg = Debug|Any CPU
		{9191046F-2432-4374-AB16-7E4D7FF5AAA7}.Debug|Any CPU.Build.0 = Debug|Any CPU
		{9191046F-2432-4374-AB16-7E4D7FF5AAA7}.Release|Any CPU.ActiveCfg = Release|Any CPU
		{9191046F-2432-4374-AB16-7E4D7FF5AAA7}.Release|Any CPU.Build.0 = Release|Any CPU
		{C9F84626-868E-4C1B-AC76-7A9A850FE298}.Debug|Any CPU.ActiveCfg = Debug|Any CPU
		{C9F84626-868E-4C1B-AC76-7A9A850FE298}.Debug|Any CPU.Build.0 = Debug|Any CPU
		{C9F84626-868E-4C1B-AC76-7A9A850FE298}.Release|Any CPU.ActiveCfg = Release|Any CPU
		{C9F84626-868E-4C1B-AC76-7A9A850FE298}.Release|Any CPU.Build.0 = Release|Any CPU
		{167B7D04-581E-404D-945D-73C12166813A}.Debug|Any CPU.ActiveCfg = Debug|Any CPU
		{167B7D04-581E-404D-945D-73C12166813A}.Debug|Any CPU.Build.0 = Debug|Any CPU
		{167B7D04-581E-404D-945D-73C12166813A}.Release|Any CPU.ActiveCfg = Release|Any CPU
		{167B7D04-581E-404D-945D-73C12166813A}.Release|Any CPU.Build.0 = Release|Any CPU
		{60F4D1AB-B909-4FB2-B08A-BA5D3AC36A92}.Debug|Any CPU.ActiveCfg = Debug|Any CPU
		{60F4D1AB-B909-4FB2-B08A-BA5D3AC36A92}.Debug|Any CPU.Build.0 = Debug|Any CPU
		{60F4D1AB-B909-4FB2-B08A-BA5D3AC36A92}.Release|Any CPU.ActiveCfg = Release|Any CPU
		{60F4D1AB-B909-4FB2-B08A-BA5D3AC36A92}.Release|Any CPU.Build.0 = Release|Any CPU
	EndGlobalSection
	GlobalSection(SolutionProperties) = preSolution
		HideSolutionNode = FALSE
	EndGlobalSection
	GlobalSection(ExtensibilityGlobals) = postSolution
		SolutionGuid = {FEB0680B-747D-45C5-9971-78FD2089C0C3}
	EndGlobalSection
EndGlobal
